{
  "name": "rambda-fun",
  "version": "1.0.0",
  "lockfileVersion": 3,
  "requires": true,
  "packages": {
    "": {
      "name": "rambda-fun",
      "version": "1.0.0",
      "license": "ISC",
      "dependencies": {
        "rambda": "^8.5.0"
      }
    },
    "node_modules/rambda": {
      "version": "8.5.0",
      "resolved": "https://registry.npmjs.org/rambda/-/rambda-8.5.0.tgz",
      "integrity": "sha512-+bh+mA8Z2iL8fQR8iEvg04bhjlGcFNPaDkI1bDsbp/SQS8Oz29eA5LtdBDdii8tna1SGBMRNkZJ7tNJW/31K4Q=="
    }
  }
}
