{
  "requires": true,
  "lockfileVersion": 1,
  "dependencies": {
    "jsverify": {
      "version": "0.8.4",
      "resolved": "https://registry.npmjs.org/jsverify/-/jsverify-0.8.4.tgz",
      "integrity": "sha512-nUG73Sfi8L4eOkc7pv9sflgAm43v+z6XMuePGVdRoBUxBLJiVcMcf3Xgc4h19eHHF3JwsaagOkUu825UnPBLJw==",
      "dev": true,
      "requires": {
        "lazy-seq": "^1.0.0",
        "rc4": "~0.1.5",
        "trampa": "^1.0.0",
        "typify-parser": "^1.1.0"
      }
    },
    "lazy-seq": {
      "version": "1.0.0",
      "resolved": "https://registry.npmjs.org/lazy-seq/-/lazy-seq-1.0.0.tgz",
      "integrity": "sha1-iAy4qrJWAmOC4C9T7AiWgqdMW2o=",
      "dev": true
    },
    "rc4": {
      "version": "0.1.5",
      "resolved": "https://registry.npmjs.org/rc4/-/rc4-0.1.5.tgz",
      "integrity": "sha1-CMbgSgFo9utiHCKrbLEVG9n0pk0=",
      "dev": true
    },
    "trampa": {
      "version": "1.0.1",
      "resolved": "https://registry.npmjs.org/trampa/-/trampa-1.0.1.tgz",
      "integrity": "sha512-93WeyHNuRggPEsfCe+yHxCgM2s6H3Q8Wmlt6b6ObJL8qc7eZlRaFjQxwTrB+zbvGtlDRnAkMoYYo3+2uH/fEwA==",
      "dev": true
    },
    "typify-parser": {
      "version": "1.1.0",
      "resolved": "https://registry.npmjs.org/typify-parser/-/typify-parser-1.1.0.tgz",
      "integrity": "sha1-rHO/pfJTQ0aOLQ8zRsYRe8A9PJk=",
      "dev": true
    }
  }
}
