{
  "requires": true,
  "lockfileVersion": 1,
  "dependencies": {
    "@babel/code-frame": {
      "version": "7.10.4",
      "resolved": "https://registry.npmjs.org/@babel/code-frame/-/code-frame-7.10.4.tgz",
      "integrity": "sha512-vG6SvB6oYEhvgisZNFRmRCUkLz11c7rp+tbNTynGqc6mS1d5ATd/sGyV6W0KZZnXRKMTzZDRgQT3Ou9jhpAfUg==",
      "requires": {
        "@babel/highlight": "^7.10.4"
      }
    },
    "@babel/generator": {
      "version": "7.10.5",
      "resolved": "https://registry.npmjs.org/@babel/generator/-/generator-7.10.5.tgz",
      "integrity": "sha512-3vXxr3FEW7E7lJZiWQ3bM4+v/Vyr9C+hpolQ8BGFr9Y8Ri2tFLWTixmwKBafDujO1WVah4fhZBeU1bieKdghig==",
      "requires": {
        "@babel/types": "^7.10.5",
        "jsesc": "^2.5.1",
        "source-map": "^0.5.0"
      },
      "dependencies": {
        "source-map": {
          "version": "0.5.7",
          "resolved": "https://registry.npmjs.org/source-map/-/source-map-0.5.7.tgz",
          "integrity": "sha1-igOdLRAh0i0eoUyA2OpGi6LvP8w="
        }
      }
    },
    "@babel/helper-function-name": {
      "version": "7.10.4",
      "resolved": "https://registry.npmjs.org/@babel/helper-function-name/-/helper-function-name-7.10.4.tgz",
      "integrity": "sha512-YdaSyz1n8gY44EmN7x44zBn9zQ1Ry2Y+3GTA+3vH6Mizke1Vw0aWDM66FOYEPw8//qKkmqOckrGgTYa+6sceqQ==",
      "requires": {
        "@babel/helper-get-function-arity": "^7.10.4",
        "@babel/template": "^7.10.4",
        "@babel/types": "^7.10.4"
      }
    },
    "@babel/helper-get-function-arity": {
      "version": "7.10.4",
      "resolved": "https://registry.npmjs.org/@babel/helper-get-function-arity/-/helper-get-function-arity-7.10.4.tgz",
      "integrity": "sha512-EkN3YDB+SRDgiIUnNgcmiD361ti+AVbL3f3Henf6dqqUyr5dMsorno0lJWJuLhDhkI5sYEpgj6y9kB8AOU1I2A==",
      "requires": {
        "@babel/types": "^7.10.4"
      }
    },
    "@babel/helper-split-export-declaration": {
      "version": "7.10.4",
      "resolved": "https://registry.npmjs.org/@babel/helper-split-export-declaration/-/helper-split-export-declaration-7.10.4.tgz",
      "integrity": "sha512-pySBTeoUff56fL5CBU2hWm9TesA4r/rOkI9DyJLvvgz09MB9YtfIYe3iBriVaYNaPe+Alua0vBIOVOLs2buWhg==",
      "requires": {
        "@babel/types": "^7.10.4"
      }
    },
    "@babel/helper-validator-identifier": {
      "version": "7.10.4",
      "resolved": "https://registry.npmjs.org/@babel/helper-validator-identifier/-/helper-validator-identifier-7.10.4.tgz",
      "integrity": "sha512-3U9y+43hz7ZM+rzG24Qe2mufW5KhvFg/NhnNph+i9mgCtdTCtMJuI1TMkrIUiK7Ix4PYlRF9I5dhqaLYA/ADXw=="
    },
    "@babel/highlight": {
      "version": "7.10.4",
      "resolved": "https://registry.npmjs.org/@babel/highlight/-/highlight-7.10.4.tgz",
      "integrity": "sha512-i6rgnR/YgPEQzZZnbTHHuZdlE8qyoBNalD6F+q4vAFlcMEcqmkoG+mPqJYJCo63qPf74+Y1UZsl3l6f7/RIkmA==",
      "requires": {
        "@babel/helper-validator-identifier": "^7.10.4",
        "chalk": "^2.0.0",
        "js-tokens": "^4.0.0"
      },
      "dependencies": {
        "ansi-styles": {
          "version": "3.2.1",
          "resolved": "https://registry.npmjs.org/ansi-styles/-/ansi-styles-3.2.1.tgz",
          "integrity": "sha512-VT0ZI6kZRdTh8YyJw3SMbYm/u+NqfsAxEpWO0Pf9sq8/e94WxxOpPKx9FR1FlyCtOVDNOQ+8ntlqFxiRc+r5qA==",
          "requires": {
            "color-convert": "^1.9.0"
          }
        },
        "chalk": {
          "version": "2.4.2",
          "resolved": "https://registry.npmjs.org/chalk/-/chalk-2.4.2.tgz",
          "integrity": "sha512-Mti+f9lpJNcwF4tWV8/OrTTtF1gZi+f8FqlyAdouralcFWFQWF2+NgCHShjkCb+IFBLq9buZwE1xckQU4peSuQ==",
          "requires": {
            "ansi-styles": "^3.2.1",
            "escape-string-regexp": "^1.0.5",
            "supports-color": "^5.3.0"
          }
        },
        "color-convert": {
          "version": "1.9.3",
          "resolved": "https://registry.npmjs.org/color-convert/-/color-convert-1.9.3.tgz",
          "integrity": "sha512-QfAUtd+vFdAtFQcC8CCyYt1fYWxSqAiK2cSD6zDB8N3cpsEBAvRxp9zOGg6G/SHHJYAT88/az/IuDGALsNVbGg==",
          "requires": {
            "color-name": "1.1.3"
          }
        },
        "color-name": {
          "version": "1.1.3",
          "resolved": "https://registry.npmjs.org/color-name/-/color-name-1.1.3.tgz",
          "integrity": "sha1-p9BVi9icQveV3UIyj3QIMcpTvCU="
        },
        "has-flag": {
          "version": "3.0.0",
          "resolved": "https://registry.npmjs.org/has-flag/-/has-flag-3.0.0.tgz",
          "integrity": "sha1-tdRU3CGZriJWmfNGfloH87lVuv0="
        },
        "supports-color": {
          "version": "5.5.0",
          "resolved": "https://registry.npmjs.org/supports-color/-/supports-color-5.5.0.tgz",
          "integrity": "sha512-QjVjwdXIt408MIiAqCX4oUKsgU2EqAGzs2Ppkm4aQYbjm+ZEWEcW4SfFNTr4uMNZma0ey4f5lgLrkB0aX0QMow==",
          "requires": {
            "has-flag": "^3.0.0"
          }
        }
      }
    },
    "@babel/parser": {
      "version": "7.10.5",
      "resolved": "https://registry.npmjs.org/@babel/parser/-/parser-7.10.5.tgz",
      "integrity": "sha512-wfryxy4bE1UivvQKSQDU4/X6dr+i8bctjUjj8Zyt3DQy7NtPizJXT8M52nqpNKL+nq2PW8lxk4ZqLj0fD4B4hQ=="
    },
    "@babel/template": {
      "version": "7.10.4",
      "resolved": "https://registry.npmjs.org/@babel/template/-/template-7.10.4.tgz",
      "integrity": "sha512-ZCjD27cGJFUB6nmCB1Enki3r+L5kJveX9pq1SvAUKoICy6CZ9yD8xO086YXdYhvNjBdnekm4ZnaP5yC8Cs/1tA==",
      "requires": {
        "@babel/code-frame": "^7.10.4",
        "@babel/parser": "^7.10.4",
        "@babel/types": "^7.10.4"
      }
    },
    "@babel/traverse": {
      "version": "7.10.5",
      "resolved": "https://registry.npmjs.org/@babel/traverse/-/traverse-7.10.5.tgz",
      "integrity": "sha512-yc/fyv2gUjPqzTz0WHeRJH2pv7jA9kA7mBX2tXl/x5iOE81uaVPuGPtaYk7wmkx4b67mQ7NqI8rmT2pF47KYKQ==",
      "requires": {
        "@babel/code-frame": "^7.10.4",
        "@babel/generator": "^7.10.5",
        "@babel/helper-function-name": "^7.10.4",
        "@babel/helper-split-export-declaration": "^7.10.4",
        "@babel/parser": "^7.10.5",
        "@babel/types": "^7.10.5",
        "debug": "^4.1.0",
        "globals": "^11.1.0",
        "lodash": "^4.17.19"
      }
    },
    "@babel/types": {
      "version": "7.10.5",
      "resolved": "https://registry.npmjs.org/@babel/types/-/types-7.10.5.tgz",
      "integrity": "sha512-ixV66KWfCI6GKoA/2H9v6bQdbfXEwwpOdQ8cRvb4F+eyvhlaHxWFMQB4+3d9QFJXZsiiiqVrewNV0DFEQpyT4Q==",
      "requires": {
        "@babel/helper-validator-identifier": "^7.10.4",
        "lodash": "^4.17.19",
        "to-fast-properties": "^2.0.0"
      }
    },
    "@stryker-mutator/api": {
      "version": "3.3.1",
      "resolved": "https://registry.npmjs.org/@stryker-mutator/api/-/api-3.3.1.tgz",
      "integrity": "sha512-t3TZyzxZYwZHUF1aCCpqLOQJjW0DZMZTrwGP/zGuDBUjr1/Opq+S6emeLFVjSJiDeMyqkqh9X01ZzHIWJPD+Sg==",
      "requires": {
        "mutation-testing-report-schema": "~1.3.0",
        "surrial": "~2.0.2",
        "tslib": "~2.0.0"
      }
    },
    "@stryker-mutator/core": {
      "version": "3.3.1",
      "resolved": "https://registry.npmjs.org/@stryker-mutator/core/-/core-3.3.1.tgz",
      "integrity": "sha512-OT2X5qI+ePHhsjO8iwkWGdj70q3F8wxLGoNZYDtV6ct8PQU79Yn2ZUpBBK36RubMoaU3ld1XVcjieSAeVUJ4mg==",
      "dev": true,
      "requires": {
        "@stryker-mutator/api": "^3.3.1",
        "@stryker-mutator/util": "^3.3.1",
        "ajv": "^6.12.0",
        "chalk": "~4.0.0",
        "commander": "~5.1.0",
        "file-url": "~3.0.0",
        "get-port": "~5.0.0",
        "glob": "~7.1.2",
        "inquirer": "~7.1.0",
        "istanbul-lib-instrument": "~3.3.0",
        "lodash.flatmap": "^4.5.0",
        "lodash.groupby": "^4.6.0",
        "log4js": "6.2.1",
        "mkdirp": "~1.0.3",
        "mutation-testing-elements": "~1.3.0",
        "mutation-testing-metrics": "~1.3.0",
        "progress": "~2.0.0",
        "rimraf": "~3.0.0",
        "rxjs": "~6.6.0",
        "source-map": "~0.7.3",
        "surrial": "~2.0.2",
        "tree-kill": "~1.2.0",
        "tslib": "~2.0.0",
        "typed-inject": "~2.2.1",
        "typed-rest-client": "~1.7.1"
      }
    },
    "@stryker-mutator/jest-runner": {
      "version": "3.3.1",
      "resolved": "https://registry.npmjs.org/@stryker-mutator/jest-runner/-/jest-runner-3.3.1.tgz",
      "integrity": "sha512-TAZ/TUTxZawASHPqc+iRgNyYMu3zYT4FlT/SJkf/hOsOTJk/QDu1woueTQGDb1cRs+OA0j5oOjh/mvdPvbxm3A==",
      "dev": true,
      "requires": {
        "@stryker-mutator/api": "^3.3.1",
        "semver": "~6.3.0"
      }
    },
    "@stryker-mutator/typescript": {
      "version": "3.3.1",
      "resolved": "https://registry.npmjs.org/@stryker-mutator/typescript/-/typescript-3.3.1.tgz",
      "integrity": "sha512-fWQSXTiFJ8eVyQdlwN5IUy4nQ5HpzqVmUcCO90EnUX0HSsp7DQlec3hjBgE3X7XNGzTawjVwQlww2Fe91CX/kw==",
      "dev": true,
      "requires": {
        "@stryker-mutator/api": "^3.3.1",
        "@stryker-mutator/util": "^3.3.1",
        "lodash.flatmap": "~4.5.0",
        "semver": "~6.3.0",
        "tslib": "~2.0.0"
      }
    },
    "@stryker-mutator/util": {
      "version": "3.3.1",
      "resolved": "https://registry.npmjs.org/@stryker-mutator/util/-/util-3.3.1.tgz",
      "integrity": "sha512-JE9PT6/Fqo4343fQWb3YzbkGmBU4bUeuynYhsTeDmY0fhTT653oGHeyEKWeV39/kgSyKfIpY5ABb1RvJclOgkg=="
    },
    "@types/color-name": {
      "version": "1.1.1",
      "resolved": "https://registry.npmjs.org/@types/color-name/-/color-name-1.1.1.tgz",
      "integrity": "sha512-rr+OQyAjxze7GgWrSaJwydHStIhHq2lvY3BOC2Mj7KnzI7XK0Uw1TOOdI9lDoajEbSWLiYgoo4f1R51erQfhPQ=="
    },
    "ajv": {
      "version": "6.12.3",
      "resolved": "https://registry.npmjs.org/ajv/-/ajv-6.12.3.tgz",
      "integrity": "sha512-4K0cK3L1hsqk9xIb2z9vs/XU+PGJZ9PNpJRDS9YLzmNdX6jmVPfamLvTJr0aDAusnHyCHO6MjzlkAsgtqp9teA==",
      "requires": {
        "fast-deep-equal": "^3.1.1",
        "fast-json-stable-stringify": "^2.0.0",
        "json-schema-traverse": "^0.4.1",
        "uri-js": "^4.2.2"
      }
    },
    "ansi-escapes": {
      "version": "4.3.1",
      "resolved": "https://registry.npmjs.org/ansi-escapes/-/ansi-escapes-4.3.1.tgz",
      "integrity": "sha512-JWF7ocqNrp8u9oqpgV+wH5ftbt+cfvv+PTjOvKLT3AdYly/LmORARfEVT1iyjwN+4MqE5UmVKoAdIBqeoCHgLA==",
      "requires": {
        "type-fest": "^0.11.0"
      },
      "dependencies": {
        "type-fest": {
          "version": "0.11.0",
          "resolved": "https://registry.npmjs.org/type-fest/-/type-fest-0.11.0.tgz",
          "integrity": "sha512-OdjXJxnCN1AvyLSzeKIgXTXxV+99ZuXl3Hpo9XpJAv9MBcHrrJOQ5kV7ypXOuQie+AmWG25hLbiKdwYTifzcfQ=="
        }
      }
    },
    "ansi-regex": {
      "version": "5.0.0",
      "resolved": "https://registry.npmjs.org/ansi-regex/-/ansi-regex-5.0.0.tgz",
      "integrity": "sha512-bY6fj56OUQ0hU1KjFNDQuJFezqKdrAyFdIevADiqrWHwSlbmBNMHp5ak2f40Pm8JTFyM2mqxkG6ngkHO11f/lg=="
    },
    "ansi-styles": {
      "version": "4.2.1",
      "resolved": "https://registry.npmjs.org/ansi-styles/-/ansi-styles-4.2.1.tgz",
      "integrity": "sha512-9VGjrMsG1vePxcSweQsN20KY/c4zN0h9fLjqAbwbPfahM3t+NL+M9HC8xeXG2I8pX5NoamTGNuomEUFI7fcUjA==",
      "requires": {
        "@types/color-name": "^1.1.1",
        "color-convert": "^2.0.1"
      }
    },
    "balanced-match": {
      "version": "1.0.0",
      "resolved": "https://registry.npmjs.org/balanced-match/-/balanced-match-1.0.0.tgz",
      "integrity": "sha1-ibTRmasr7kneFk6gK4nORi1xt2c="
    },
    "brace-expansion": {
      "version": "1.1.11",
      "resolved": "https://registry.npmjs.org/brace-expansion/-/brace-expansion-1.1.11.tgz",
      "integrity": "sha512-iCuPHDFgrHX7H2vEI/5xpz07zSHB00TpugqhmYtVmMO6518mCuRMoOYFldEBl0g187ufozdaHgWKcYFb61qGiA==",
      "requires": {
        "balanced-match": "^1.0.0",
        "concat-map": "0.0.1"
      }
    },
    "chalk": {
      "version": "4.0.0",
      "resolved": "https://registry.npmjs.org/chalk/-/chalk-4.0.0.tgz",
      "integrity": "sha512-N9oWFcegS0sFr9oh1oz2d7Npos6vNoWW9HvtCg5N1KRFpUhaAhvTv5Y58g880fZaEYSNm3qDz8SU1UrGvp+n7A==",
      "requires": {
        "ansi-styles": "^4.1.0",
        "supports-color": "^7.1.0"
      }
    },
    "chardet": {
      "version": "0.7.0",
      "resolved": "https://registry.npmjs.org/chardet/-/chardet-0.7.0.tgz",
      "integrity": "sha512-mT8iDcrh03qDGRRmoA2hmBJnxpllMR+0/0qlzjqZES6NdiWDcZkCNAk4rPFZ9Q85r27unkiNNg8ZOiwZXBHwcA=="
    },
    "cli-cursor": {
      "version": "3.1.0",
      "resolved": "https://registry.npmjs.org/cli-cursor/-/cli-cursor-3.1.0.tgz",
      "integrity": "sha512-I/zHAwsKf9FqGoXM4WWRACob9+SNukZTd94DWF57E4toouRulbCxcUh6RKUEOQlYTHJnzkPMySvPNaaSLNfLZw==",
      "requires": {
        "restore-cursor": "^3.1.0"
      }
    },
    "cli-width": {
      "version": "2.2.1",
      "resolved": "https://registry.npmjs.org/cli-width/-/cli-width-2.2.1.tgz",
      "integrity": "sha512-GRMWDxpOB6Dgk2E5Uo+3eEBvtOOlimMmpbFiKuLFnQzYDavtLFY3K5ona41jgN/WdRZtG7utuVSVTL4HbZHGkw=="
    },
    "color-convert": {
      "version": "2.0.1",
      "resolved": "https://registry.npmjs.org/color-convert/-/color-convert-2.0.1.tgz",
      "integrity": "sha512-RRECPsj7iu/xb5oKYcsFHSppFNnsj/52OVTRKb4zP5onXwVF3zVmmToNcOfGC+CRDpfK/U584fMg38ZHCaElKQ==",
      "requires": {
        "color-name": "~1.1.4"
      }
    },
    "color-name": {
      "version": "1.1.4",
      "resolved": "https://registry.npmjs.org/color-name/-/color-name-1.1.4.tgz",
      "integrity": "sha512-dOy+3AuW3a2wNbZHIuMZpTcgjGuLU/uBL/ubcZF9OXbDo8ff4O8yVp5Bf0efS8uEoYo5q4Fx7dY9OgQGXgAsQA=="
    },
    "commander": {
      "version": "5.1.0",
      "resolved": "https://registry.npmjs.org/commander/-/commander-5.1.0.tgz",
      "integrity": "sha512-P0CysNDQ7rtVw4QIQtm+MRxV66vKFSvlsQvGYXZWR3qFU0jlMKHZZZgw8e+8DSah4UDKMqnknRDQz+xuQXQ/Zg=="
    },
    "concat-map": {
      "version": "0.0.1",
      "resolved": "https://registry.npmjs.org/concat-map/-/concat-map-0.0.1.tgz",
      "integrity": "sha1-2Klr13/Wjfd5OnMDajug1UBdR3s="
    },
    "date-format": {
      "version": "3.0.0",
      "resolved": "https://registry.npmjs.org/date-format/-/date-format-3.0.0.tgz",
      "integrity": "sha512-eyTcpKOcamdhWJXj56DpQMo1ylSQpcGtGKXcU0Tb97+K56/CF5amAqqqNj0+KvA0iw2ynxtHWFsPDSClCxe48w=="
    },
    "debug": {
      "version": "4.1.1",
      "resolved": "https://registry.npmjs.org/debug/-/debug-4.1.1.tgz",
      "integrity": "sha512-pYAIzeRo8J6KPEaJ0VWOh5Pzkbw/RetuzehGM7QRRX5he4fPHx2rdKMB256ehJCkX+XRQm16eZLqLNS8RSZXZw==",
      "requires": {
        "ms": "^2.1.1"
      }
    },
    "emoji-regex": {
      "version": "8.0.0",
      "resolved": "https://registry.npmjs.org/emoji-regex/-/emoji-regex-8.0.0.tgz",
      "integrity": "sha512-MSjYzcWNOA0ewAHpz0MxpYFvwg6yjy1NG3xteoqz644VCo/RPgnr1/GGt+ic3iJTzQ8Eu3TdM14SawnVUmGE6A=="
    },
    "escape-string-regexp": {
      "version": "1.0.5",
      "resolved": "https://registry.npmjs.org/escape-string-regexp/-/escape-string-regexp-1.0.5.tgz",
      "integrity": "sha1-G2HAViGQqN/2rjuyzwIAyhMLhtQ="
    },
    "external-editor": {
      "version": "3.1.0",
      "resolved": "https://registry.npmjs.org/external-editor/-/external-editor-3.1.0.tgz",
      "integrity": "sha512-hMQ4CX1p1izmuLYyZqLMO/qGNw10wSv9QDCPfzXfyFrOaCSSoRfqE1Kf1s5an66J5JZC62NewG+mK49jOCtQew==",
      "requires": {
        "chardet": "^0.7.0",
        "iconv-lite": "^0.4.24",
        "tmp": "^0.0.33"
      }
    },
    "fast-deep-equal": {
      "version": "3.1.3",
      "resolved": "https://registry.npmjs.org/fast-deep-equal/-/fast-deep-equal-3.1.3.tgz",
      "integrity": "sha512-f3qQ9oQy9j2AhBe/H9VC91wLmKBCCU/gDOnKNAYG5hswO7BLKj09Hc5HYNz9cGI++xlpDCIgDaitVs03ATR84Q=="
    },
    "fast-json-stable-stringify": {
      "version": "2.1.0",
      "resolved": "https://registry.npmjs.org/fast-json-stable-stringify/-/fast-json-stable-stringify-2.1.0.tgz",
      "integrity": "sha512-lhd/wF+Lk98HZoTCtlVraHtfh5XYijIjalXck7saUtuanSDyLMxnHhSXEDJqHxD7msR8D0uCmqlkwjCV8xvwHw=="
    },
    "figures": {
      "version": "3.2.0",
      "resolved": "https://registry.npmjs.org/figures/-/figures-3.2.0.tgz",
      "integrity": "sha512-yaduQFRKLXYOGgEn6AZau90j3ggSOyiqXU0F9JZfeXYhNa+Jk4X+s45A2zg5jns87GAFa34BBm2kXw4XpNcbdg==",
      "requires": {
        "escape-string-regexp": "^1.0.5"
      }
    },
    "file-url": {
      "version": "3.0.0",
      "resolved": "https://registry.npmjs.org/file-url/-/file-url-3.0.0.tgz",
      "integrity": "sha512-g872QGsHexznxkIAdK8UiZRe7SkE6kvylShU4Nsj8NvfvZag7S0QuQ4IgvPDkk75HxgjIVDwycFTDAgIiO4nDA=="
    },
    "flatted": {
      "version": "2.0.2",
      "resolved": "https://registry.npmjs.org/flatted/-/flatted-2.0.2.tgz",
      "integrity": "sha512-r5wGx7YeOwNWNlCA0wQ86zKyDLMQr+/RB8xy74M4hTphfmjlijTSSXGuH8rnvKZnfT9i+75zmd8jcKdMR4O6jA=="
    },
    "fs-extra": {
      "version": "8.1.0",
      "resolved": "https://registry.npmjs.org/fs-extra/-/fs-extra-8.1.0.tgz",
      "integrity": "sha512-yhlQgA6mnOJUKOsRUFsgJdQCvkKhcz8tlZG5HBQfReYZy46OwLcY+Zia0mtdHsOo9y/hP+CxMN0TU9QxoOtG4g==",
      "requires": {
        "graceful-fs": "^4.2.0",
        "jsonfile": "^4.0.0",
        "universalify": "^0.1.0"
      }
    },
    "fs.realpath": {
      "version": "1.0.0",
      "resolved": "https://registry.npmjs.org/fs.realpath/-/fs.realpath-1.0.0.tgz",
      "integrity": "sha1-FQStJSMVjKpA20onh8sBQRmU6k8="
    },
    "get-port": {
      "version": "5.0.0",
      "resolved": "https://registry.npmjs.org/get-port/-/get-port-5.0.0.tgz",
      "integrity": "sha512-imzMU0FjsZqNa6BqOjbbW6w5BivHIuQKopjpPqcnx0AVHJQKCxK1O+Ab3OrVXhrekqfVMjwA9ZYu062R+KcIsQ==",
      "requires": {
        "type-fest": "^0.3.0"
      }
    },
    "glob": {
      "version": "7.1.6",
      "resolved": "https://registry.npmjs.org/glob/-/glob-7.1.6.tgz",
      "integrity": "sha512-LwaxwyZ72Lk7vZINtNNrywX0ZuLyStrdDtabefZKAY5ZGJhVtgdznluResxNmPitE0SAO+O26sWTHeKSI2wMBA==",
      "requires": {
        "fs.realpath": "^1.0.0",
        "inflight": "^1.0.4",
        "inherits": "2",
        "minimatch": "^3.0.4",
        "once": "^1.3.0",
        "path-is-absolute": "^1.0.0"
      }
    },
    "globals": {
      "version": "11.12.0",
      "resolved": "https://registry.npmjs.org/globals/-/globals-11.12.0.tgz",
      "integrity": "sha512-WOBp/EEGUiIsJSp7wcv/y6MO+lV9UoncWqxuFfm8eBwzWNgyfBd6Gz+IeKQ9jCmyhoH99g15M3T+QaVHFjizVA=="
    },
    "graceful-fs": {
      "version": "4.2.4",
      "resolved": "https://registry.npmjs.org/graceful-fs/-/graceful-fs-4.2.4.tgz",
      "integrity": "sha512-WjKPNJF79dtJAVniUlGGWHYGz2jWxT6VhN/4m1NdkbZ2nOsEF+cI1Edgql5zCRhs/VsQYRvrXctxktVXZUkixw=="
    },
    "has-flag": {
      "version": "4.0.0",
      "resolved": "https://registry.npmjs.org/has-flag/-/has-flag-4.0.0.tgz",
      "integrity": "sha512-EykJT/Q1KjTWctppgIAgfSO0tKVuZUjhgMr17kqTumMl6Afv3EISleU7qZUzoXDFTAHTDC4NOoG/ZxU3EvlMPQ=="
    },
    "iconv-lite": {
      "version": "0.4.24",
      "resolved": "https://registry.npmjs.org/iconv-lite/-/iconv-lite-0.4.24.tgz",
      "integrity": "sha512-v3MXnZAcvnywkTUEZomIActle7RXXeedOR31wwl7VlyoXO4Qi9arvSenNQWne1TcRwhCL1HwLI21bEqdpj8/rA==",
      "requires": {
        "safer-buffer": ">= 2.1.2 < 3"
      }
    },
    "inflight": {
      "version": "1.0.6",
      "resolved": "https://registry.npmjs.org/inflight/-/inflight-1.0.6.tgz",
      "integrity": "sha1-Sb1jMdfQLQwJvJEKEHW6gWW1bfk=",
      "requires": {
        "once": "^1.3.0",
        "wrappy": "1"
      }
    },
    "inherits": {
      "version": "2.0.4",
      "resolved": "https://registry.npmjs.org/inherits/-/inherits-2.0.4.tgz",
      "integrity": "sha512-k/vGaX4/Yla3WzyMCvTQOXYeIHvqOKtnqBduzTHpzpQZzAskKMhZ2K+EnBiSM9zGSoIFeMpXKxa4dYeZIQqewQ=="
    },
    "inquirer": {
      "version": "7.1.0",
      "resolved": "https://registry.npmjs.org/inquirer/-/inquirer-7.1.0.tgz",
      "integrity": "sha512-5fJMWEmikSYu0nv/flMc475MhGbB7TSPd/2IpFV4I4rMklboCH2rQjYY5kKiYGHqUF9gvaambupcJFFG9dvReg==",
      "requires": {
        "ansi-escapes": "^4.2.1",
        "chalk": "^3.0.0",
        "cli-cursor": "^3.1.0",
        "cli-width": "^2.0.0",
        "external-editor": "^3.0.3",
        "figures": "^3.0.0",
        "lodash": "^4.17.15",
        "mute-stream": "0.0.8",
        "run-async": "^2.4.0",
        "rxjs": "^6.5.3",
        "string-width": "^4.1.0",
        "strip-ansi": "^6.0.0",
        "through": "^2.3.6"
      },
      "dependencies": {
        "chalk": {
          "version": "3.0.0",
          "resolved": "https://registry.npmjs.org/chalk/-/chalk-3.0.0.tgz",
          "integrity": "sha512-4D3B6Wf41KOYRFdszmDqMCGq5VV/uMAB273JILmO+3jAlh8X4qDtdtgCR3fxtbLEMzSx22QdhnDcJvu2u1fVwg==",
          "requires": {
            "ansi-styles": "^4.1.0",
            "supports-color": "^7.1.0"
          }
        }
      }
    },
    "is-fullwidth-code-point": {
      "version": "3.0.0",
      "resolved": "https://registry.npmjs.org/is-fullwidth-code-point/-/is-fullwidth-code-point-3.0.0.tgz",
      "integrity": "sha512-zymm5+u+sCsSWyD9qNaejV3DFvhCKclKdizYaJUuHA83RLjb7nSuGnddCHGv0hk+KY7BMAlsWeK4Ueg6EV6XQg=="
    },
    "istanbul-lib-coverage": {
      "version": "2.0.5",
      "resolved": "https://registry.npmjs.org/istanbul-lib-coverage/-/istanbul-lib-coverage-2.0.5.tgz",
      "integrity": "sha512-8aXznuEPCJvGnMSRft4udDRDtb1V3pkQkMMI5LI+6HuQz5oQ4J2UFn1H82raA3qJtyOLkkwVqICBQkjnGtn5mA=="
    },
    "istanbul-lib-instrument": {
      "version": "3.3.0",
      "resolved": "https://registry.npmjs.org/istanbul-lib-instrument/-/istanbul-lib-instrument-3.3.0.tgz",
      "integrity": "sha512-5nnIN4vo5xQZHdXno/YDXJ0G+I3dAm4XgzfSVTPLQpj/zAV2dV6Juy0yaf10/zrJOJeHoN3fraFe+XRq2bFVZA==",
      "requires": {
        "@babel/generator": "^7.4.0",
        "@babel/parser": "^7.4.3",
        "@babel/template": "^7.4.0",
        "@babel/traverse": "^7.4.3",
        "@babel/types": "^7.4.0",
        "istanbul-lib-coverage": "^2.0.5",
        "semver": "^6.0.0"
      }
    },
    "js-tokens": {
      "version": "4.0.0",
      "resolved": "https://registry.npmjs.org/js-tokens/-/js-tokens-4.0.0.tgz",
      "integrity": "sha512-RdJUflcE3cUzKiMqQgsCu06FPu9UdIJO0beYbPhHN4k6apgJtifcoCtT9bcxOpYBtpD2kCM6Sbzg4CausW/PKQ=="
    },
    "jsesc": {
      "version": "2.5.2",
      "resolved": "https://registry.npmjs.org/jsesc/-/jsesc-2.5.2.tgz",
      "integrity": "sha512-OYu7XEzjkCQ3C5Ps3QIZsQfNpqoJyZZA99wd9aWd05NCtC5pWOkShK2mkL6HXQR6/Cy2lbNdPlZBpuQHXE63gA=="
    },
    "json-schema-traverse": {
      "version": "0.4.1",
      "resolved": "https://registry.npmjs.org/json-schema-traverse/-/json-schema-traverse-0.4.1.tgz",
      "integrity": "sha512-xbbCH5dCYU5T8LcEhhuh7HJ88HXuW3qsI3Y0zOZFKfZEHcpWiHU/Jxzk629Brsab/mMiHQti9wMP+845RPe3Vg=="
    },
    "jsonfile": {
      "version": "4.0.0",
      "resolved": "https://registry.npmjs.org/jsonfile/-/jsonfile-4.0.0.tgz",
      "integrity": "sha1-h3Gq4HmbZAdrdmQPygWPnBDjPss=",
      "requires": {
        "graceful-fs": "^4.1.6"
      }
    },
    "lodash": {
      "version": "4.17.19",
      "resolved": "https://registry.npmjs.org/lodash/-/lodash-4.17.19.tgz",
      "integrity": "sha512-JNvd8XER9GQX0v2qJgsaN/mzFCNA5BRe/j8JN9d+tWyGLSodKQHKFicdwNYzWwI3wjRnaKPsGj1XkBjx/F96DQ=="
    },
    "lodash.flatmap": {
      "version": "4.5.0",
      "resolved": "https://registry.npmjs.org/lodash.flatmap/-/lodash.flatmap-4.5.0.tgz",
      "integrity": "sha1-74y/QI9uSCaGYzRTBcaswLd4cC4="
    },
    "lodash.groupby": {
      "version": "4.6.0",
      "resolved": "https://registry.npmjs.org/lodash.groupby/-/lodash.groupby-4.6.0.tgz",
      "integrity": "sha1-Cwih3PaDl8OXhVwyOXg4Mt90A9E="
    },
    "log4js": {
      "version": "6.2.1",
      "resolved": "https://registry.npmjs.org/log4js/-/log4js-6.2.1.tgz",
      "integrity": "sha512-7n+Oqxxz7VcQJhIlqhcYZBTpbcQ7XsR0MUIfJkx/n3VUjkAS4iUr+4UJlhxf28RvP9PMGQXbgTUhLApnu0XXgA==",
      "requires": {
        "date-format": "^3.0.0",
        "debug": "^4.1.1",
        "flatted": "^2.0.1",
        "rfdc": "^1.1.4",
        "streamroller": "^2.2.4"
      }
    },
    "mimic-fn": {
      "version": "2.1.0",
      "resolved": "https://registry.npmjs.org/mimic-fn/-/mimic-fn-2.1.0.tgz",
      "integrity": "sha512-OqbOk5oEQeAZ8WXWydlu9HJjz9WVdEIvamMCcXmuqUYjTknH/sqsWvhQ3vgwKFRR1HpjvNBKQ37nbJgYzGqGcg=="
    },
    "minimatch": {
      "version": "3.0.4",
      "resolved": "https://registry.npmjs.org/minimatch/-/minimatch-3.0.4.tgz",
      "integrity": "sha512-yJHVQEhyqPLUTgt9B83PXu6W3rx4MvvHvSUvToogpwoGDOUQ+yDrR0HRot+yOCdCO7u4hX3pWft6kWBBcqh0UA==",
      "requires": {
        "brace-expansion": "^1.1.7"
      }
    },
    "mkdirp": {
      "version": "1.0.4",
      "resolved": "https://registry.npmjs.org/mkdirp/-/mkdirp-1.0.4.tgz",
      "integrity": "sha512-vVqVZQyf3WLx2Shd0qJ9xuvqgAyKPLAiqITEtqW0oIUjzo3PePDd6fW9iFz30ef7Ysp/oiWqbhszeGWW2T6Gzw=="
    },
    "ms": {
      "version": "2.1.2",
      "resolved": "https://registry.npmjs.org/ms/-/ms-2.1.2.tgz",
      "integrity": "sha512-sGkPx+VjMtmA6MX27oA4FBFELFCZZ4S4XqeGOXCv68tT+jb3vk/RyaKWP0PTKyWtmLSM0b+adUTEvbs1PEaH2w=="
    },
    "mutation-testing-elements": {
      "version": "1.3.1",
      "resolved": "https://registry.npmjs.org/mutation-testing-elements/-/mutation-testing-elements-1.3.1.tgz",
      "integrity": "sha512-XXP/enxyOd8X6lK/lu4nlPGLmwH3wfMwj9eatxLp4er0zrmv0p5gGZVkj4KnuuGfp7rnlVNBI/5EZShPJgK3HA=="
    },
    "mutation-testing-metrics": {
      "version": "1.3.0",
      "resolved": "https://registry.npmjs.org/mutation-testing-metrics/-/mutation-testing-metrics-1.3.0.tgz",
      "integrity": "sha512-T7UkUGljyCLMEWGK6YtRTjt4fxqi5+052gjDBkKBR6T5Po6DbwwIx6DAvFyBYzjBzUx6wUhXt7UaxB/wy+JyEg==",
      "requires": {
        "mutation-testing-report-schema": "^1.3.0"
      }
    },
    "mutation-testing-report-schema": {
      "version": "1.3.1",
      "resolved": "https://registry.npmjs.org/mutation-testing-report-schema/-/mutation-testing-report-schema-1.3.1.tgz",
      "integrity": "sha512-2T2A5qBg+2SZ7CtAvW5m4W95VJxZ/UsSWVwzv3VZpm7c2VoGgIWZGPiTC76a+gorxJobyCzkWv0902UNs4Wl5Q=="
    },
    "mute-stream": {
      "version": "0.0.8",
      "resolved": "https://registry.npmjs.org/mute-stream/-/mute-stream-0.0.8.tgz",
      "integrity": "sha512-nnbWWOkoWyUsTjKrhgD0dcz22mdkSnpYqbEjIm2nhwhuxlSkpywJmBo8h0ZqJdkp73mb90SssHkN4rsRaBAfAA=="
    },
    "once": {
      "version": "1.4.0",
      "resolved": "https://registry.npmjs.org/once/-/once-1.4.0.tgz",
      "integrity": "sha1-WDsap3WWHUsROsF9nFC6753Xa9E=",
      "requires": {
        "wrappy": "1"
      }
    },
    "onetime": {
      "version": "5.1.0",
      "resolved": "https://registry.npmjs.org/onetime/-/onetime-5.1.0.tgz",
      "integrity": "sha512-5NcSkPHhwTVFIQN+TUqXoS5+dlElHXdpAWu9I0HP20YOtIi+aZ0Ct82jdlILDxjLEAWwvm+qj1m6aEtsDVmm6Q==",
      "requires": {
        "mimic-fn": "^2.1.0"
      }
    },
    "os-tmpdir": {
      "version": "1.0.2",
      "resolved": "https://registry.npmjs.org/os-tmpdir/-/os-tmpdir-1.0.2.tgz",
      "integrity": "sha1-u+Z0BseaqFxc/sdm/lc0VV36EnQ="
    },
    "path-is-absolute": {
      "version": "1.0.1",
      "resolved": "https://registry.npmjs.org/path-is-absolute/-/path-is-absolute-1.0.1.tgz",
      "integrity": "sha1-F0uSaHNVNP+8es5r9TpanhtcX18="
    },
    "progress": {
      "version": "2.0.3",
      "resolved": "https://registry.npmjs.org/progress/-/progress-2.0.3.tgz",
      "integrity": "sha512-7PiHtLll5LdnKIMw100I+8xJXR5gW2QwWYkT6iJva0bXitZKa/XMrSbdmg3r2Xnaidz9Qumd0VPaMrZlF9V9sA=="
    },
    "punycode": {
      "version": "2.1.1",
      "resolved": "https://registry.npmjs.org/punycode/-/punycode-2.1.1.tgz",
      "integrity": "sha512-XRsRjdf+j5ml+y/6GKHPZbrF/8p2Yga0JPtdqTIY2Xe5ohJPD9saDJJLPvp9+NSBprVvevdXZybnj2cv8OEd0A=="
    },
    "qs": {
      "version": "6.9.4",
      "resolved": "https://registry.npmjs.org/qs/-/qs-6.9.4.tgz",
      "integrity": "sha512-A1kFqHekCTM7cz0udomYUoYNWjBebHm/5wzU/XqrBRBNWectVH0QIiN+NEcZ0Dte5hvzHwbr8+XQmguPhJ6WdQ=="
    },
    "restore-cursor": {
      "version": "3.1.0",
      "resolved": "https://registry.npmjs.org/restore-cursor/-/restore-cursor-3.1.0.tgz",
      "integrity": "sha512-l+sSefzHpj5qimhFSE5a8nufZYAM3sBSVMAPtYkmC+4EH2anSGaEMXSD0izRQbu9nfyQ9y5JrVmp7E8oZrUjvA==",
      "requires": {
        "onetime": "^5.1.0",
        "signal-exit": "^3.0.2"
      }
    },
    "rfdc": {
      "version": "1.1.4",
      "resolved": "https://registry.npmjs.org/rfdc/-/rfdc-1.1.4.tgz",
      "integrity": "sha512-5C9HXdzK8EAqN7JDif30jqsBzavB7wLpaubisuQIGHWf2gUXSpzy6ArX/+Da8RjFpagWsCn+pIgxTMAmKw9Zug=="
    },
    "rimraf": {
      "version": "3.0.2",
      "resolved": "https://registry.npmjs.org/rimraf/-/rimraf-3.0.2.tgz",
      "integrity": "sha512-JZkJMZkAGFFPP2YqXZXPbMlMBgsxzE8ILs4lMIX/2o0L9UBw9O/Y3o6wFw/i9YLapcUJWwqbi3kdxIPdC62TIA==",
      "requires": {
        "glob": "^7.1.3"
      }
    },
    "run-async": {
      "version": "2.4.1",
      "resolved": "https://registry.npmjs.org/run-async/-/run-async-2.4.1.tgz",
      "integrity": "sha512-tvVnVv01b8c1RrA6Ep7JkStj85Guv/YrMcwqYQnwjsAS2cTmmPGBBjAjpCW7RrSodNSoE2/qg9O4bceNvUuDgQ=="
    },
    "rxjs": {
      "version": "6.6.0",
      "resolved": "https://registry.npmjs.org/rxjs/-/rxjs-6.6.0.tgz",
      "integrity": "sha512-3HMA8z/Oz61DUHe+SdOiQyzIf4tOx5oQHmMir7IZEu6TMqCLHT4LRcmNaUS0NwOz8VLvmmBduMsoaUvMaIiqzg==",
      "requires": {
        "tslib": "^1.9.0"
      },
      "dependencies": {
        "tslib": {
          "version": "1.13.0",
          "resolved": "https://registry.npmjs.org/tslib/-/tslib-1.13.0.tgz",
          "integrity": "sha512-i/6DQjL8Xf3be4K/E6Wgpekn5Qasl1usyw++dAA35Ue5orEn65VIxOA+YvNNl9HV3qv70T7CNwjODHZrLwvd1Q=="
        }
      }
    },
    "safer-buffer": {
      "version": "2.1.2",
      "resolved": "https://registry.npmjs.org/safer-buffer/-/safer-buffer-2.1.2.tgz",
      "integrity": "sha512-YZo3K82SD7Riyi0E1EQPojLz7kpepnSQI9IyPbHHg1XXXevb5dJI7tpyN2ADxGcQbHG7vcyRHk0cbwqcQriUtg=="
    },
    "semver": {
      "version": "6.3.0",
      "resolved": "https://registry.npmjs.org/semver/-/semver-6.3.0.tgz",
      "integrity": "sha512-b39TBaTSfV6yBrapU89p5fKekE2m/NwnDocOVruQFS1/veMgdzuPcnOM34M6CwxW8jH/lxEa5rBoDeUwu5HHTw=="
    },
    "signal-exit": {
      "version": "3.0.3",
      "resolved": "https://registry.npmjs.org/signal-exit/-/signal-exit-3.0.3.tgz",
      "integrity": "sha512-VUJ49FC8U1OxwZLxIbTTrDvLnf/6TDgxZcK8wxR8zs13xpx7xbG60ndBlhNrFi2EMuFRoeDoJO7wthSLq42EjA=="
    },
    "source-map": {
      "version": "0.7.3",
      "resolved": "https://registry.npmjs.org/source-map/-/source-map-0.7.3.tgz",
      "integrity": "sha512-CkCj6giN3S+n9qrYiBTX5gystlENnRW5jZeNLHpe6aue+SrHcG5VYwujhW9s4dY31mEGsxBDrHR6oI69fTXsaQ=="
    },
    "streamroller": {
      "version": "2.2.4",
      "resolved": "https://registry.npmjs.org/streamroller/-/streamroller-2.2.4.tgz",
      "integrity": "sha512-OG79qm3AujAM9ImoqgWEY1xG4HX+Lw+yY6qZj9R1K2mhF5bEmQ849wvrb+4vt4jLMLzwXttJlQbOdPOQVRv7DQ==",
      "requires": {
        "date-format": "^2.1.0",
        "debug": "^4.1.1",
        "fs-extra": "^8.1.0"
      },
      "dependencies": {
        "date-format": {
          "version": "2.1.0",
          "resolved": "https://registry.npmjs.org/date-format/-/date-format-2.1.0.tgz",
          "integrity": "sha512-bYQuGLeFxhkxNOF3rcMtiZxvCBAquGzZm6oWA1oZ0g2THUzivaRhv8uOhdr19LmoobSOLoIAxeUK2RdbM8IFTA=="
        }
      }
    },
    "string-width": {
      "version": "4.2.0",
      "resolved": "https://registry.npmjs.org/string-width/-/string-width-4.2.0.tgz",
      "integrity": "sha512-zUz5JD+tgqtuDjMhwIg5uFVV3dtqZ9yQJlZVfq4I01/K5Paj5UHj7VyrQOJvzawSVlKpObApbfD0Ed6yJc+1eg==",
      "requires": {
        "emoji-regex": "^8.0.0",
        "is-fullwidth-code-point": "^3.0.0",
        "strip-ansi": "^6.0.0"
      }
    },
    "strip-ansi": {
      "version": "6.0.0",
      "resolved": "https://registry.npmjs.org/strip-ansi/-/strip-ansi-6.0.0.tgz",
      "integrity": "sha512-AuvKTrTfQNYNIctbR1K/YGTR1756GycPsg7b9bdV9Duqur4gv6aKqHXah67Z8ImS7WEz5QVcOtlfW2rZEugt6w==",
      "requires": {
        "ansi-regex": "^5.0.0"
      }
    },
    "supports-color": {
      "version": "7.1.0",
      "resolved": "https://registry.npmjs.org/supports-color/-/supports-color-7.1.0.tgz",
      "integrity": "sha512-oRSIpR8pxT1Wr2FquTNnGet79b3BWljqOuoW/h4oBhxJ/HUbX5nX6JSruTkvXDCFMwDPvsaTTbvMLKZWSy0R5g==",
      "requires": {
        "has-flag": "^4.0.0"
      }
    },
    "surrial": {
      "version": "2.0.2",
      "resolved": "https://registry.npmjs.org/surrial/-/surrial-2.0.2.tgz",
      "integrity": "sha512-YQ0XyrdBI8Kx10lIK81zOGXdGtc0P+3FTqEtCdaKzfEJKJWDju2QPp+XhzihmN2KOTRDtkKSyQQXZHYP+SqapA=="
    },
    "through": {
      "version": "2.3.8",
      "resolved": "https://registry.npmjs.org/through/-/through-2.3.8.tgz",
      "integrity": "sha1-DdTJ/6q8NXlgsbckEV1+Doai4fU="
    },
    "tmp": {
      "version": "0.0.33",
      "resolved": "https://registry.npmjs.org/tmp/-/tmp-0.0.33.tgz",
      "integrity": "sha512-jRCJlojKnZ3addtTOjdIqoRuPEKBvNXcGYqzO6zWZX8KfKEpnGY5jfggJQ3EjKuu8D4bJRr0y+cYJFmYbImXGw==",
      "requires": {
        "os-tmpdir": "~1.0.2"
      }
    },
    "to-fast-properties": {
      "version": "2.0.0",
      "resolved": "https://registry.npmjs.org/to-fast-properties/-/to-fast-properties-2.0.0.tgz",
      "integrity": "sha1-3F5pjL0HkmW8c+A3doGk5Og/YW4="
    },
    "tree-kill": {
      "version": "1.2.2",
      "resolved": "https://registry.npmjs.org/tree-kill/-/tree-kill-1.2.2.tgz",
      "integrity": "sha512-L0Orpi8qGpRG//Nd+H90vFB+3iHnue1zSSGmNOOCh1GLJ7rUKVwV2HvijphGQS2UmhUZewS9VgvxYIdgr+fG1A=="
    },
    "tslib": {
      "version": "2.0.0",
      "resolved": "https://registry.npmjs.org/tslib/-/tslib-2.0.0.tgz",
      "integrity": "sha512-lTqkx847PI7xEDYJntxZH89L2/aXInsyF2luSafe/+0fHOMjlBNXdH6th7f70qxLDhul7KZK0zC8V5ZIyHl0/g=="
    },
    "tunnel": {
      "version": "0.0.6",
      "resolved": "https://registry.npmjs.org/tunnel/-/tunnel-0.0.6.tgz",
      "integrity": "sha512-1h/Lnq9yajKY2PEbBadPXj3VxsDDu844OnaAo52UVmIzIvwwtBPIuNvkjuzBlTWpfJyUbG3ez0KSBibQkj4ojg=="
    },
    "type-fest": {
      "version": "0.3.1",
      "resolved": "https://registry.npmjs.org/type-fest/-/type-fest-0.3.1.tgz",
      "integrity": "sha512-cUGJnCdr4STbePCgqNFbpVNCepa+kAVohJs1sLhxzdH+gnEoOd8VhbYa7pD3zZYGiURWM2xzEII3fQcRizDkYQ=="
    },
    "typed-inject": {
      "version": "2.2.1",
      "resolved": "https://registry.npmjs.org/typed-inject/-/typed-inject-2.2.1.tgz",
      "integrity": "sha512-+PFtxIKTfrfuqba42XYmTotRCoPC8U7/cIQSu9bHhRlHLDazrbagEDzJ8mjnVVUzgrAlseFx0qKwvf6ua5Yzmg=="
    },
    "typed-rest-client": {
      "version": "1.7.3",
      "resolved": "https://registry.npmjs.org/typed-rest-client/-/typed-rest-client-1.7.3.tgz",
      "integrity": "sha512-CwTpx/TkRHGZoHkJhBcp4X8K3/WtlzSHVQR0OIFnt10j4tgy4ypgq/SrrgVpA1s6tAL49Q6J3R5C0Cgfh2ddqA==",
      "requires": {
        "qs": "^6.9.1",
        "tunnel": "0.0.6",
        "underscore": "1.8.3"
      }
    },
    "underscore": {
      "version": "1.8.3",
      "resolved": "https://registry.npmjs.org/underscore/-/underscore-1.8.3.tgz",
      "integrity": "sha1-Tz+1OxBuYJf8+ctBCfKl6b36UCI="
    },
    "universalify": {
      "version": "0.1.2",
      "resolved": "https://registry.npmjs.org/universalify/-/universalify-0.1.2.tgz",
      "integrity": "sha512-rBJeI5CXAlmy1pV+617WB9J63U6XcazHHF2f2dbJix4XzpUF0RS3Zbj0FGIOCAva5P/d/GBOYaACQ1w+0azUkg=="
    },
    "uri-js": {
      "version": "4.2.2",
      "resolved": "https://registry.npmjs.org/uri-js/-/uri-js-4.2.2.tgz",
      "integrity": "sha512-KY9Frmirql91X2Qgjry0Wd4Y+YTdrdZheS8TFwvkbLWf/G5KNJDCh6pKL5OZctEW4+0Baa5idK2ZQuELRwPznQ==",
      "requires": {
        "punycode": "^2.1.0"
      }
    },
    "wrappy": {
      "version": "1.0.2",
      "resolved": "https://registry.npmjs.org/wrappy/-/wrappy-1.0.2.tgz",
      "integrity": "sha1-tSQ9jz7BqjXxNkYFvA0QNuMKtp8="
    }
  }
}
