{
  "name": "core-js-fun",
  "version": "1.0.0",
  "lockfileVersion": 1,
  "requires": true,
  "dependencies": {
    "core-js": {
      "version": "3.6.1",
      "resolved": "https://registry.npmjs.org/core-js/-/core-js-3.6.1.tgz",
      "integrity": "sha512-186WjSik2iTGfDjfdCZAxv2ormxtKgemjC3SI6PL31qOA0j5LhTDVjHChccoc7brwLvpvLPiMyRlcO88C4l1QQ=="
    }
  }
}
