{
  "name": "microdiff-fun",
  "version": "1.0.0",
  "lockfileVersion": 2,
  "requires": true,
  "packages": {
    "": {
      "name": "microdiff-fun",
      "version": "1.0.0",
      "license": "ISC",
      "dependencies": {
        "microdiff": "^1.1.0"
      },
      "devDependencies": {}
    },
    "node_modules/microdiff": {
      "version": "1.1.0",
      "resolved": "https://registry.npmjs.org/microdiff/-/microdiff-1.1.0.tgz",
      "integrity": "sha512-LQzRnmpruR7svDxM92QEwpf/W5PE4816erXBKjK3oGWYek7OoCTBKX3CEMVEFYgGR7AtC9Ne/HYUy+dk3drCbw=="
    }
  },
  "dependencies": {
    "microdiff": {
      "version": "1.1.0",
      "resolved": "https://registry.npmjs.org/microdiff/-/microdiff-1.1.0.tgz",
      "integrity": "sha512-LQzRnmpruR7svDxM92QEwpf/W5PE4816erXBKjK3oGWYek7OoCTBKX3CEMVEFYgGR7AtC9Ne/HYUy+dk3drCbw=="
    }
  }
}
