{
  "name": "cobolscript-fun",
  "version": "1.0.0",
  "lockfileVersion": 3,
  "requires": true,
  "packages": {
    "": {
      "name": "cobolscript-fun",
      "version": "1.0.0",
      "license": "ISC",
      "dependencies": {
        "cobolscript": "^0.0.1"
      }
    },
    "node_modules/cobolscript": {
      "version": "0.0.1",
      "resolved": "https://registry.npmjs.org/cobolscript/-/cobolscript-0.0.1.tgz",
      "integrity": "sha512-jQ6GVf9sVDFK9d2hZgpYvNf+U2Fkvno6AzMfKvLL3+EmShup7gwcSZrR3C5iC2I0vIY/2GWw93fJ0ggPKpclfQ==",
      "engines": {
        "node": ">= 0.6.0 && < 0.9.0"
      }
    }
  }
}
